
Microsoft Visual Studio Solution File, Format Version 12.00
# Visual Studio 15
VisualStudioVersion = 15.0.28307.1022
MinimumVisualStudioVersion = 10.0.40219.1
Project("{FAE04EC0-301F-11D3-BF4B-00C04F79EFBC}") = "SiberGuvenlikFinal", "SiberGuvenlikFinal\SiberGuvenlikFinal.csproj", "{98660AAA-450B-483E-94F7-A2D92FFDEA91}"
EndProject
Global
	GlobalSection(SolutionConfigurationPlatforms) = preSolution
		Debug|Any CPU = Debug|Any CPU
		Release|Any CPU = Release|Any CPU
	EndGlobalSection
	GlobalSection(ProjectConfigurationPlatforms) = postSolution
		{98660AAA-450B-483E-94F7-A2D92FFDEA91}.Debug|Any CPU.ActiveCfg = Debug|Any CPU
		{98660AAA-450B-483E-94F7-A2D92FFDEA91}.Debug|Any CPU.Build.0 = Debug|Any CPU
		{98660AAA-450B-483E-94F7-A2D92FFDEA91}.Release|Any CPU.ActiveCfg = Release|Any CPU
		{98660AAA-450B-483E-94F7-A2D92FFDEA91}.Release|Any CPU.Build.0 = Release|Any CPU
	EndGlobalSection
	GlobalSection(SolutionProperties) = preSolution
		HideSolutionNode = FALSE
	EndGlobalSection
	GlobalSection(ExtensibilityGlobals) = postSolution
		SolutionGuid = {9681679B-DA57-446E-94E4-62EEC0287F05}
	EndGlobalSection
EndGlobal
